<Solution>
  <Folder Name="/spikes/">
    <Project Path="spikes/Docket.Spikes/Docket.Spikes.csproj" />
  </Folder>
  <Folder Name="/src/">
    <Project Path="src/Docket.AppHost/Docket.AppHost.csproj" />
    <Project Path="src/Docket.Contracts/Docket.Contracts.csproj" />
    <Project Path="src/Docket.ControlPlane/Docket.ControlPlane.csproj" />
    <Project Path="src/Docket.Core/Docket.Core.csproj" />
    <Project Path="src/Docket.Mcp/Docket.Mcp.csproj" />
    <Project Path="src/Docket.Relay/Docket.Relay.csproj" />
    <Project Path="src/Docket.Runner/Docket.Runner.csproj" />
    <Project Path="src/Docket.ServiceDefaults/Docket.ServiceDefaults.csproj" />
    <Project Path="src/Docket.Verifier/Docket.Verifier.csproj" />
  </Folder>
  <Folder Name="/tests/">
    <Project Path="tests/Docket.ControlPlane.Tests/Docket.ControlPlane.Tests.csproj" />
    <Project Path="tests/Docket.Contracts.Tests/Docket.Contracts.Tests.csproj" />
    <Project Path="tests/Docket.Core.Tests/Docket.Core.Tests.csproj" />
    <Project Path="tests/Docket.Mcp.Tests/Docket.Mcp.Tests.csproj" />
    <Project Path="tests/Docket.Relay.Tests/Docket.Relay.Tests.csproj" />
    <Project Path="tests/Docket.CollabHarness/Docket.CollabHarness.csproj" />
    <Project Path="tests/Docket.MultiMachine.Tests/Docket.MultiMachine.Tests.csproj" />
    <Project Path="tests/Docket.Runner.Tests/Docket.Runner.Tests.csproj" />
    <Project Path="tests/Docket.Runner.TestHarness/Docket.Runner.TestHarness.csproj" />
    <Project Path="tests/Docket.WorkerHarness/Docket.WorkerHarness.csproj" />
    <Project Path="tests/Docket.Verifier.Tests/Docket.Verifier.Tests.csproj" />
  </Folder>
</Solution>
